<?xml version="1.0" encoding="utf-8"?>
<Project ToolsVersion="4.0" xmlns="http://schemas.microsoft.com/developer/msbuild/2003">
  <ItemGroup>
    <Filter Include="Source Files">
      <UniqueIdentifier>{4FC737F1-C7A5-4376-A066-2A32D752A2FF}</UniqueIdentifier>
      <Extensions>cpp;c;cc;cxx;def;odl;idl;hpj;bat;asm;asmx</Extensions>
    </Filter>
    <Filter Include="Header Files">
      <UniqueIdentifier>{93995380-89BD-4b04-88EB-625FBE52EBFB}</UniqueIdentifier>
      <Extensions>h;hh;hpp;hxx;hm;inl;inc;ipp;xsd</Extensions>
    </Filter>
    <Filter Include="Resource Files">
      <UniqueIdentifier>{67DA6AB6-F800-4c08-8B7A-83BB121AAD01}</UniqueIdentifier>
      <Extensions>rc;ico;cur;bmp;dlg;rc2;rct;bin;rgs;gif;jpg;jpeg;jpe;resx;tiff;tif;png;wav;mfcribbon-ms</Extensions>
    </Filter>
    <Filter Include="Source Files\compile_env">
      <UniqueIdentifier>{9e82d7a6-2cb8-4363-9c13-207416138210}</UniqueIdentifier>
    </Filter>
    <Filter Include="Source Files\compile_env\builtin_types">
      <UniqueIdentifier>{253e743f-cd1e-4b8c-ad8f-66e05208e632}</UniqueIdentifier>
    </Filter>
  </ItemGroup>
  <ItemGroup>
    <ClInclude Include="TranspiledCode.h">
      <Filter>Source Files</Filter>
    </ClInclude>
    <ClInclude Include="..\..\bin\compile_env\include\exceptions.h">
      <Filter>Source Files\compile_env</Filter>
    </ClInclude>
    <ClInclude Include="..\..\bin\compile_env\include\runtime_interface.h">
      <Filter>Source Files\compile_env</Filter>
    </ClInclude>
    <ClInclude Include="..\..\bin\compile_env\include\common.h">
      <Filter>Source Files\compile_env</Filter>
    </ClInclude>
    <ClInclude Include="..\..\bin\compile_env\include\relay.h">
      <Filter>Source Files\compile_env</Filter>
    </ClInclude>
    <ClInclude Include="..\..\bin\compile_env\include\contexts.h">
      <Filter>Source Files\compile_env</Filter>
    </ClInclude>
    <ClInclude Include="..\..\bin\compile_env\include\address_blob_hash_types.h">
      <Filter>Source Files\compile_env\builtin_types</Filter>
    </ClInclude>
    <ClInclude Include="..\..\bin\compile_env\include\arraytype.h">
      <Filter>Source Files\compile_env\builtin_types</Filter>
    </ClInclude>
    <ClInclude Include="..\..\bin\compile_env\include\biginttype.h">
      <Filter>Source Files\compile_env\builtin_types</Filter>
    </ClInclude>
    <ClInclude Include="..\..\bin\compile_env\include\define_struct.h">
      <Filter>Source Files\compile_env\builtin_types</Filter>
    </ClInclude>
    <ClInclude Include="..\..\bin\compile_env\include\enumtype.h">
      <Filter>Source Files\compile_env\builtin_types</Filter>
    </ClInclude>
    <ClInclude Include="..\..\bin\compile_env\include\inttypes.h">
      <Filter>Source Files\compile_env\builtin_types</Filter>
    </ClInclude>
    <ClInclude Include="..\..\bin\compile_env\include\maptype.h">
      <Filter>Source Files\compile_env\builtin_types</Filter>
    </ClInclude>
    <ClInclude Include="..\..\bin\compile_env\include\stringtype.h">
      <Filter>Source Files\compile_env\builtin_types</Filter>
    </ClInclude>
    <ClInclude Include="..\..\bin\compile_env\include\structtype.h">
      <Filter>Source Files\compile_env\builtin_types</Filter>
    </ClInclude>
    <ClInclude Include="..\..\bin\compile_env\include\typeidentifier.h">
      <Filter>Source Files\compile_env\builtin_types</Filter>
    </ClInclude>
    <ClInclude Include="..\..\bin\compile_env\include\tokentype.h">
      <Filter>Source Files\compile_env\builtin_types</Filter>
    </ClInclude>
    <ClInclude Include="..\..\bin\compile_env\include\floattypes.h">
      <Filter>Source Files\compile_env\builtin_types</Filter>
    </ClInclude>
    <ClInclude Include="..\..\bin\compile_env\include\interface.h">
      <Filter>Source Files\compile_env</Filter>
    </ClInclude>
  </ItemGroup>
  <ItemGroup>
    <ClCompile Include="main.cpp">
      <Filter>Source Files</Filter>
    </ClCompile>
    <ClCompile Include="..\..\bin\compile_env\contract_template.cpp">
      <Filter>Source Files\compile_env</Filter>
    </ClCompile>
  </ItemGroup>
</Project>